
Microsoft Visual Studio Solution File, Format Version 12.00
# Visual Studio Version 16
VisualStudioVersion = 16.0.30309.148
MinimumVisualStudioVersion = 10.0.40219.1
Project("{9A19103F-16F7-4668-BE54-9A1E7A4F7556}") = "BeersApiBlazorClient", "BeersApiBlazorClient\BeersApiBlazorClient.csproj", "{ED99E9F1-D378-4125-B8DB-36A6387B0ACE}"
EndProject
Project("{2150E333-8FDC-42A3-9474-1A3956D46DE8}") = "Tests", "Tests", "{55DFA575-2887-43B4-A31A-775A21F7E8E3}"
EndProject
Project("{FAE04EC0-301F-11D3-BF4B-00C04F79EFBC}") = "BeersApiBlazorClient.Tests", "BeersApiBlazorClient.Tests\BeersApiBlazorClient.Tests.csproj", "{0FB23C8F-AEF7-4C4A-A30D-2803F114705F}"
EndProject
Project("{FAE04EC0-301F-11D3-BF4B-00C04F79EFBC}") = "AzureStorageManager.Core", "AzureStorageManager.Core\AzureStorageManager.Core.csproj", "{0152701A-4F89-4C15-8452-6F4477707DD3}"
EndProject
Global
	GlobalSection(SolutionConfigurationPlatforms) = preSolution
		Debug|Any CPU = Debug|Any CPU
		Release|Any CPU = Release|Any CPU
	EndGlobalSection
	GlobalSection(ProjectConfigurationPlatforms) = postSolution
		{ED99E9F1-D378-4125-B8DB-36A6387B0ACE}.Debug|Any CPU.ActiveCfg = Debug|Any CPU
		{ED99E9F1-D378-4125-B8DB-36A6387B0ACE}.Debug|Any CPU.Build.0 = Debug|Any CPU
		{ED99E9F1-D378-4125-B8DB-36A6387B0ACE}.Release|Any CPU.ActiveCfg = Release|Any CPU
		{ED99E9F1-D378-4125-B8DB-36A6387B0ACE}.Release|Any CPU.Build.0 = Release|Any CPU
		{0FB23C8F-AEF7-4C4A-A30D-2803F114705F}.Debug|Any CPU.ActiveCfg = Debug|Any CPU
		{0FB23C8F-AEF7-4C4A-A30D-2803F114705F}.Debug|Any CPU.Build.0 = Debug|Any CPU
		{0FB23C8F-AEF7-4C4A-A30D-2803F114705F}.Release|Any CPU.ActiveCfg = Release|Any CPU
		{0FB23C8F-AEF7-4C4A-A30D-2803F114705F}.Release|Any CPU.Build.0 = Release|Any CPU
		{0152701A-4F89-4C15-8452-6F4477707DD3}.Debug|Any CPU.ActiveCfg = Debug|Any CPU
		{0152701A-4F89-4C15-8452-6F4477707DD3}.Debug|Any CPU.Build.0 = Debug|Any CPU
		{0152701A-4F89-4C15-8452-6F4477707DD3}.Release|Any CPU.ActiveCfg = Release|Any CPU
		{0152701A-4F89-4C15-8452-6F4477707DD3}.Release|Any CPU.Build.0 = Release|Any CPU
	EndGlobalSection
	GlobalSection(SolutionProperties) = preSolution
		HideSolutionNode = FALSE
	EndGlobalSection
	GlobalSection(NestedProjects) = preSolution
		{0FB23C8F-AEF7-4C4A-A30D-2803F114705F} = {55DFA575-2887-43B4-A31A-775A21F7E8E3}
	EndGlobalSection
	GlobalSection(ExtensibilityGlobals) = postSolution
		SolutionGuid = {1E0883ED-CF32-450E-93BA-4E7E89CD74D9}
	EndGlobalSection
EndGlobal
